
Microsoft Visual Studio Solution File, Format Version 12.00
# Visual Studio Version 17
VisualStudioVersion = 17.8.34408.163
MinimumVisualStudioVersion = 10.0.40219.1
Project("{9A19103F-16F7-4668-BE54-9A1E7A4F7556}") = "Lesson02", "Lesson2\Lesson02.csproj", "{60F3520E-CE2C-44C6-A75C-36402BCFD3B3}"
EndProject
Project("{9A19103F-16F7-4668-BE54-9A1E7A4F7556}") = "Lesson03", "Lesson3\Lesson03.csproj", "{4D090A55-74CB-4F2E-9365-A6F13AF54FB3}"
EndProject
Project("{9A19103F-16F7-4668-BE54-9A1E7A4F7556}") = "Lesson04", "Lesson4\Lesson04.csproj", "{C1B2414F-CDAD-45F2-842A-2253A867D2B0}"
EndProject
Project("{9A19103F-16F7-4668-BE54-9A1E7A4F7556}") = "Lesson05_1", "Lesson5\Lesson05_1.csproj", "{B357EED9-2020-465E-94FD-50CE238ED26E}"
EndProject
Project("{9A19103F-16F7-4668-BE54-9A1E7A4F7556}") = "Lesson07", "Lesson07\Lesson07.csproj", "{03527829-B602-4960-8318-5F900CC0E604}"
EndProject
Project("{9A19103F-16F7-4668-BE54-9A1E7A4F7556}") = "Lesson06_1", "Lesson06_1\Lesson06_1.csproj", "{D327D7EA-30C3-43FC-995F-326A031EED2D}"
EndProject
Project("{9A19103F-16F7-4668-BE54-9A1E7A4F7556}") = "Lesson06_2", "Lesson06_2\Lesson06_2.csproj", "{30F8AD07-C167-44D7-93C6-4BB53530B479}"
EndProject
Project("{FAE04EC0-301F-11D3-BF4B-00C04F79EFBC}") = "Thema_08_1", "Thema_08_1\Thema_08_1.csproj", "{523F5AD5-B931-407A-B9C5-703F4DBCA2D9}"
EndProject
Project("{FAE04EC0-301F-11D3-BF4B-00C04F79EFBC}") = "Thema_08_2", "Thema_08_2\Thema_08_2.csproj", "{4371B3EC-7154-4129-A215-4F0909F295FA}"
EndProject
Project("{FAE04EC0-301F-11D3-BF4B-00C04F79EFBC}") = "Thema_08_3", "Thema_08_3\Thema_08_3.csproj", "{FA957774-3097-48A9-B774-CE88F17E51E4}"
EndProject
Project("{FAE04EC0-301F-11D3-BF4B-00C04F79EFBC}") = "Lesson05_2", "Lesson05_2\Lesson05_2.csproj", "{A3828D7C-1C49-4459-90DA-6FBCC2627968}"
EndProject
Global
	GlobalSection(SolutionConfigurationPlatforms) = preSolution
		Debug|Any CPU = Debug|Any CPU
		Release|Any CPU = Release|Any CPU
	EndGlobalSection
	GlobalSection(ProjectConfigurationPlatforms) = postSolution
		{60F3520E-CE2C-44C6-A75C-36402BCFD3B3}.Debug|Any CPU.ActiveCfg = Debug|Any CPU
		{60F3520E-CE2C-44C6-A75C-36402BCFD3B3}.Debug|Any CPU.Build.0 = Debug|Any CPU
		{60F3520E-CE2C-44C6-A75C-36402BCFD3B3}.Release|Any CPU.ActiveCfg = Release|Any CPU
		{60F3520E-CE2C-44C6-A75C-36402BCFD3B3}.Release|Any CPU.Build.0 = Release|Any CPU
		{4D090A55-74CB-4F2E-9365-A6F13AF54FB3}.Debug|Any CPU.ActiveCfg = Debug|Any CPU
		{4D090A55-74CB-4F2E-9365-A6F13AF54FB3}.Debug|Any CPU.Build.0 = Debug|Any CPU
		{4D090A55-74CB-4F2E-9365-A6F13AF54FB3}.Release|Any CPU.ActiveCfg = Release|Any CPU
		{4D090A55-74CB-4F2E-9365-A6F13AF54FB3}.Release|Any CPU.Build.0 = Release|Any CPU
		{C1B2414F-CDAD-45F2-842A-2253A867D2B0}.Debug|Any CPU.ActiveCfg = Debug|Any CPU
		{C1B2414F-CDAD-45F2-842A-2253A867D2B0}.Debug|Any CPU.Build.0 = Debug|Any CPU
		{C1B2414F-CDAD-45F2-842A-2253A867D2B0}.Release|Any CPU.ActiveCfg = Release|Any CPU
		{C1B2414F-CDAD-45F2-842A-2253A867D2B0}.Release|Any CPU.Build.0 = Release|Any CPU
		{B357EED9-2020-465E-94FD-50CE238ED26E}.Debug|Any CPU.ActiveCfg = Debug|Any CPU
		{B357EED9-2020-465E-94FD-50CE238ED26E}.Debug|Any CPU.Build.0 = Debug|Any CPU
		{B357EED9-2020-465E-94FD-50CE238ED26E}.Release|Any CPU.ActiveCfg = Release|Any CPU
		{B357EED9-2020-465E-94FD-50CE238ED26E}.Release|Any CPU.Build.0 = Release|Any CPU
		{03527829-B602-4960-8318-5F900CC0E604}.Debug|Any CPU.ActiveCfg = Debug|Any CPU
		{03527829-B602-4960-8318-5F900CC0E604}.Debug|Any CPU.Build.0 = Debug|Any CPU
		{03527829-B602-4960-8318-5F900CC0E604}.Release|Any CPU.ActiveCfg = Release|Any CPU
		{03527829-B602-4960-8318-5F900CC0E604}.Release|Any CPU.Build.0 = Release|Any CPU
		{D327D7EA-30C3-43FC-995F-326A031EED2D}.Debug|Any CPU.ActiveCfg = Debug|Any CPU
		{D327D7EA-30C3-43FC-995F-326A031EED2D}.Debug|Any CPU.Build.0 = Debug|Any CPU
		{D327D7EA-30C3-43FC-995F-326A031EED2D}.Release|Any CPU.ActiveCfg = Release|Any CPU
		{D327D7EA-30C3-43FC-995F-326A031EED2D}.Release|Any CPU.Build.0 = Release|Any CPU
		{30F8AD07-C167-44D7-93C6-4BB53530B479}.Debug|Any CPU.ActiveCfg = Debug|Any CPU
		{30F8AD07-C167-44D7-93C6-4BB53530B479}.Debug|Any CPU.Build.0 = Debug|Any CPU
		{30F8AD07-C167-44D7-93C6-4BB53530B479}.Release|Any CPU.ActiveCfg = Release|Any CPU
		{30F8AD07-C167-44D7-93C6-4BB53530B479}.Release|Any CPU.Build.0 = Release|Any CPU
		{523F5AD5-B931-407A-B9C5-703F4DBCA2D9}.Debug|Any CPU.ActiveCfg = Debug|Any CPU
		{523F5AD5-B931-407A-B9C5-703F4DBCA2D9}.Debug|Any CPU.Build.0 = Debug|Any CPU
		{523F5AD5-B931-407A-B9C5-703F4DBCA2D9}.Release|Any CPU.ActiveCfg = Release|Any CPU
		{523F5AD5-B931-407A-B9C5-703F4DBCA2D9}.Release|Any CPU.Build.0 = Release|Any CPU
		{4371B3EC-7154-4129-A215-4F0909F295FA}.Debug|Any CPU.ActiveCfg = Debug|Any CPU
		{4371B3EC-7154-4129-A215-4F0909F295FA}.Debug|Any CPU.Build.0 = Debug|Any CPU
		{4371B3EC-7154-4129-A215-4F0909F295FA}.Release|Any CPU.ActiveCfg = Release|Any CPU
		{4371B3EC-7154-4129-A215-4F0909F295FA}.Release|Any CPU.Build.0 = Release|Any CPU
		{FA957774-3097-48A9-B774-CE88F17E51E4}.Debug|Any CPU.ActiveCfg = Debug|Any CPU
		{FA957774-3097-48A9-B774-CE88F17E51E4}.Debug|Any CPU.Build.0 = Debug|Any CPU
		{FA957774-3097-48A9-B774-CE88F17E51E4}.Release|Any CPU.ActiveCfg = Release|Any CPU
		{FA957774-3097-48A9-B774-CE88F17E51E4}.Release|Any CPU.Build.0 = Release|Any CPU
		{A3828D7C-1C49-4459-90DA-6FBCC2627968}.Debug|Any CPU.ActiveCfg = Debug|Any CPU
		{A3828D7C-1C49-4459-90DA-6FBCC2627968}.Debug|Any CPU.Build.0 = Debug|Any CPU
		{A3828D7C-1C49-4459-90DA-6FBCC2627968}.Release|Any CPU.ActiveCfg = Release|Any CPU
		{A3828D7C-1C49-4459-90DA-6FBCC2627968}.Release|Any CPU.Build.0 = Release|Any CPU
	EndGlobalSection
	GlobalSection(SolutionProperties) = preSolution
		HideSolutionNode = FALSE
	EndGlobalSection
	GlobalSection(ExtensibilityGlobals) = postSolution
		SolutionGuid = {6E5BF9FA-97AE-40C7-B71F-36F4D7F692B0}
	EndGlobalSection
EndGlobal
